
Microsoft Visual Studio Solution File, Format Version 12.00
# Visual Studio 15
VisualStudioVersion = 15.0.28010.2050
MinimumVisualStudioVersion = 10.0.40219.1
Project("{FAE04EC0-301F-11D3-BF4B-00C04F79EFBC}") = "UltimateDatabaseQueryable", "UltimateDatabaseQueryable\UltimateDatabaseQueryable.csproj", "{2AF77967-A2CC-455B-A8F2-B88E332F2F30}"
EndProject
Project("{FAE04EC0-301F-11D3-BF4B-00C04F79EFBC}") = "Tests", "Tests\Tests.csproj", "{194A4CE4-1DAD-4956-B47C-46EF75BC6678}"
EndProject
Global
	GlobalSection(SolutionConfigurationPlatforms) = preSolution
		Debug|Any CPU = Debug|Any CPU
		Release|Any CPU = Release|Any CPU
	EndGlobalSection
	GlobalSection(ProjectConfigurationPlatforms) = postSolution
		{2AF77967-A2CC-455B-A8F2-B88E332F2F30}.Debug|Any CPU.ActiveCfg = Debug|Any CPU
		{2AF77967-A2CC-455B-A8F2-B88E332F2F30}.Debug|Any CPU.Build.0 = Debug|Any CPU
		{2AF77967-A2CC-455B-A8F2-B88E332F2F30}.Release|Any CPU.ActiveCfg = Release|Any CPU
		{2AF77967-A2CC-455B-A8F2-B88E332F2F30}.Release|Any CPU.Build.0 = Release|Any CPU
		{194A4CE4-1DAD-4956-B47C-46EF75BC6678}.Debug|Any CPU.ActiveCfg = Debug|Any CPU
		{194A4CE4-1DAD-4956-B47C-46EF75BC6678}.Debug|Any CPU.Build.0 = Debug|Any CPU
		{194A4CE4-1DAD-4956-B47C-46EF75BC6678}.Release|Any CPU.ActiveCfg = Release|Any CPU
		{194A4CE4-1DAD-4956-B47C-46EF75BC6678}.Release|Any CPU.Build.0 = Release|Any CPU
	EndGlobalSection
	GlobalSection(SolutionProperties) = preSolution
		HideSolutionNode = FALSE
	EndGlobalSection
	GlobalSection(ExtensibilityGlobals) = postSolution
		SolutionGuid = {76B667A3-C6BA-4565-B13F-743A9299830C}
	EndGlobalSection
EndGlobal
